{
  "nodes": {
    "aagl": {
      "inputs": {
        "flake-compat": "flake-compat",
        "nixpkgs": [
          "unstable"
        ],
        "rust-overlay": "rust-overlay"
      },
      "locked": {
        "lastModified": 1780372639,
        "narHash": "sha256-VFzXYHlIGwO4h4ovtnpZj9sX/Qu6+dlI00sXjHdwi2w=",
        "owner": "ezKEa",
        "repo": "aagl-gtk-on-nix",
        "rev": "1ee1e8864a1fcfcc21a5fb5af4bd328b3c829f42",
        "type": "github"
      },
      "original": {
        "owner": "ezKEa",
        "repo": "aagl-gtk-on-nix",
        "type": "github"
      }
    },
    "breeze-icons-chameleon": {
      "flake": false,
      "locked": {
        "lastModified": 1765707086,
        "narHash": "sha256-wHsSNJE4PzhAU+OZSLejUIaeWf5UTRkw62Y8mj2SEE0=",
        "owner": "L4ki",
        "repo": "Breeze-Chameleon-Icons",
        "rev": "39ca2a55ba5289a96b2e744cd3670e020fb7e217",
        "type": "github"
      },
      "original": {
        "owner": "L4ki",
        "repo": "Breeze-Chameleon-Icons",
        "type": "github"
      }
    },
    "cachyos-kernel": {
      "flake": false,
      "locked": {
        "lastModified": 1779959490,
        "narHash": "sha256-FS/SbuYuRt5biCp1ja0Se12V2q3Y3p+O+rAdFQvuJT4=",
        "owner": "CachyOS",
        "repo": "linux-cachyos",
        "rev": "1d38a1c83db0cddff4963516eb3f6838981cb6ae",
        "type": "github"
      },
      "original": {
        "owner": "CachyOS",
        "repo": "linux-cachyos",
        "type": "github"
      }
    },
    "cachyos-kernel-patches": {
      "flake": false,
      "locked": {
        "lastModified": 1779996637,
        "narHash": "sha256-DcA59mHfCUfbr7EtH9YJUb3t62TcyXwC/I0QMyUs1bo=",
        "owner": "CachyOS",
        "repo": "kernel-patches",
        "rev": "b87558b7c865628c48c1d6ff5c827b9df40e9281",
        "type": "github"
      },
      "original": {
        "owner": "CachyOS",
        "repo": "kernel-patches",
        "type": "github"
      }
    },
    "crane": {
      "locked": {
        "lastModified": 1751562746,
        "narHash": "sha256-smpugNIkmDeicNz301Ll1bD7nFOty97T79m4GUMUczA=",
        "owner": "ipetkov",
        "repo": "crane",
        "rev": "aed2020fd3dc26e1e857d4107a5a67a33ab6c1fd",
        "type": "github"
      },
      "original": {
        "owner": "ipetkov",
        "repo": "crane",
        "type": "github"
      }
    },
    "darkly": {
      "inputs": {
        "nixpkgs": [
          "unstable"
        ]
      },
      "locked": {
        "lastModified": 1780519775,
        "narHash": "sha256-u12imjPk4ZhOen/PgnLiNPML+5NmuKO0Ja4wQKU/Y8E=",
        "owner": "Bali10050",
        "repo": "Darkly",
        "rev": "11c27e2d98025f4d4c1598f07a185280b36f35f7",
        "type": "github"
      },
      "original": {
        "owner": "Bali10050",
        "repo": "Darkly",
        "type": "github"
      }
    },
    "determinate": {
      "inputs": {
        "determinate-nixd-aarch64-darwin": "determinate-nixd-aarch64-darwin",
        "determinate-nixd-aarch64-linux": "determinate-nixd-aarch64-linux",
        "determinate-nixd-x86_64-linux": "determinate-nixd-x86_64-linux",
        "nix": "nix",
        "nixpkgs": "nixpkgs_2"
      },
      "locked": {
        "lastModified": 1779475417,
        "narHash": "sha256-7/U/+X66C7XmLnt5JVJVtpx8wVDRU//Awaeqkq9+NNc=",
        "rev": "8a9c57ea6b458a40589df60f26200b7d305354d1",
        "revCount": 417,
        "type": "tarball",
        "url": "https://api.flakehub.com/f/pinned/DeterminateSystems/determinate/3.21.0/019e5103-0940-7a50-bac6-f1c621bf31ff/source.tar.gz"
      },
      "original": {
        "type": "tarball",
        "url": "https://flakehub.com/f/DeterminateSystems/determinate/%2A"
      }
    },
    "determinate-nixd-aarch64-darwin": {
      "flake": false,
      "locked": {
        "narHash": "sha256-LNvx0qZsH8tbdgNfaig/x5Cf4r4UrXfU1m+0bO3D0E4=",
        "type": "file",
        "url": "https://install.determinate.systems/determinate-nixd/tag/v3.21.0/macOS"
      },
      "original": {
        "type": "file",
        "url": "https://install.determinate.systems/determinate-nixd/tag/v3.21.0/macOS"
      }
    },
    "determinate-nixd-aarch64-linux": {
      "flake": false,
      "locked": {
        "narHash": "sha256-rKg7uVAEK8X3TTFGaWp8CVZuCAr3wHkMnuJOndhXJF0=",
        "type": "file",
        "url": "https://install.determinate.systems/determinate-nixd/tag/v3.21.0/aarch64-linux"
      },
      "original": {
        "type": "file",
        "url": "https://install.determinate.systems/determinate-nixd/tag/v3.21.0/aarch64-linux"
      }
    },
    "determinate-nixd-x86_64-linux": {
      "flake": false,
      "locked": {
        "narHash": "sha256-vBCUEVPfY4+nxGDM62evpxJYEVqLTqdBGbCkmZ2sQhk=",
        "type": "file",
        "url": "https://install.determinate.systems/determinate-nixd/tag/v3.21.0/x86_64-linux"
      },
      "original": {
        "type": "file",
        "url": "https://install.determinate.systems/determinate-nixd/tag/v3.21.0/x86_64-linux"
      }
    },
    "eden-emu": {
      "inputs": {
        "flake-utils": "flake-utils",
        "nixpkgs": [
          "unstable"
        ]
      },
      "locked": {
        "lastModified": 1773321953,
        "narHash": "sha256-/Y5a5/AFyEAqik2jGF55ollH19pUVFFuHxIFrJGDhws=",
        "owner": "grantimatter",
        "repo": "eden-flake",
        "rev": "c9f150ac10eef6fe46f8e007f0fa8b93b3beb4c0",
        "type": "github"
      },
      "original": {
        "owner": "grantimatter",
        "repo": "eden-flake",
        "type": "github"
      }
    },
    "emacs": {
      "inputs": {
        "nixpkgs": "nixpkgs_3",
        "nixpkgs-stable": "nixpkgs-stable"
      },
      "locked": {
        "lastModified": 1780719072,
        "narHash": "sha256-DEkYHktuUdfczbkUdsC51Wo8awTnY97I2glAi/EJz1w=",
        "owner": "nix-community",
        "repo": "emacs-overlay",
        "rev": "b8e282a36872823a454ff065298f055da5ca711b",
        "type": "github"
      },
      "original": {
        "owner": "nix-community",
        "repo": "emacs-overlay",
        "type": "github"
      }
    },
    "emacs-overlay": {
      "inputs": {
        "nixpkgs": [
          "unstable"
        ],
        "nixpkgs-stable": [
          "stable"
        ]
      },
      "locked": {
        "lastModified": 1780719072,
        "narHash": "sha256-DEkYHktuUdfczbkUdsC51Wo8awTnY97I2glAi/EJz1w=",
        "owner": "nix-community",
        "repo": "emacs-overlay",
        "rev": "b8e282a36872823a454ff065298f055da5ca711b",
        "type": "github"
      },
      "original": {
        "owner": "nix-community",
        "repo": "emacs-overlay",
        "type": "github"
      }
    },
    "f2k": {
      "inputs": {
        "emacs": "emacs",
        "infuse": "infuse",
        "nixpkgs": [
          "unstable-small"
        ],
        "nixpkgs-fmt": "nixpkgs-fmt",
        "parts": "parts"
      },
      "locked": {
        "lastModified": 1780725453,
        "narHash": "sha256-hIo/3U/9ZZ4Wf5TYacDhqeWv+gcQfDn/n+xtmswGMpg=",
        "owner": "moni-dz",
        "repo": "nixpkgs-f2k",
        "rev": "69d9b86393206c72b9b38087e35c93a64b926508",
        "type": "github"
      },
      "original": {
        "owner": "moni-dz",
        "repo": "nixpkgs-f2k",
        "type": "github"
      }
    },
    "fenix": {
      "inputs": {
        "nixpkgs": [
          "f2k",
          "nixpkgs-fmt",
          "nixpkgs"
        ],
        "rust-analyzer-src": "rust-analyzer-src"
      },
      "locked": {
        "lastModified": 1637475807,
        "narHash": "sha256-E3nzOvlzZXwyo8Stp5upKsTCDcqUTYAFj4EC060A31c=",
        "owner": "nix-community",
        "repo": "fenix",
        "rev": "960e7fef45692a4fffc6df6d6b613b0399bbdfd5",
        "type": "github"
      },
      "original": {
        "owner": "nix-community",
        "repo": "fenix",
        "type": "github"
      }
    },
    "fenix_2": {
      "inputs": {
        "nixpkgs": [
          "mprisqueeze",
          "naersk",
          "nixpkgs"
        ],
        "rust-analyzer-src": "rust-analyzer-src_2"
      },
      "locked": {
        "lastModified": 1752475459,
        "narHash": "sha256-z6QEu4ZFuHiqdOPbYss4/Q8B0BFhacR8ts6jO/F/aOU=",
        "owner": "nix-community",
        "repo": "fenix",
        "rev": "bf0d6f70f4c9a9cf8845f992105652173f4b617f",
        "type": "github"
      },
      "original": {
        "owner": "nix-community",
        "repo": "fenix",
        "type": "github"
      }
    },
    "flake-compat": {
      "flake": false,
      "locked": {
        "lastModified": 1767039857,
        "narHash": "sha256-vNpUSpF5Nuw8xvDLj2KCwwksIbjua2LZCqhV1LNRDns=",
        "owner": "edolstra",
        "repo": "flake-compat",
        "rev": "5edf11c44bc78a0d334f6334cdaf7d60d732daab",
        "type": "github"
      },
      "original": {
        "owner": "edolstra",
        "repo": "flake-compat",
        "type": "github"
      }
    },
    "flake-compat_2": {
      "flake": false,
      "locked": {
        "lastModified": 1696426674,
        "narHash": "sha256-kvjfFW7WAETZlt09AgDn1MrtKzP7t90Vf7vypd3OL1U=",
        "owner": "edolstra",
        "repo": "flake-compat",
        "rev": "0f9255e01c2351cc7d116c072cb317785dd33b33",
        "type": "github"
      },
      "original": {
        "owner": "edolstra",
        "repo": "flake-compat",
        "type": "github"
      }
    },
    "flake-compat_3": {
      "flake": false,
      "locked": {
        "lastModified": 1747046372,
        "narHash": "sha256-CIVLLkVgvHYbgI2UpXvIIBJ12HWgX+fjA8Xf8PUmqCY=",
        "owner": "edolstra",
        "repo": "flake-compat",
        "rev": "9100a0f413b0c601e0533d1d94ffd501ce2e7885",
        "type": "github"
      },
      "original": {
        "owner": "edolstra",
        "repo": "flake-compat",
        "type": "github"
      }
    },
    "flake-compat_4": {
      "flake": false,
      "locked": {
        "lastModified": 1767039857,
        "narHash": "sha256-vNpUSpF5Nuw8xvDLj2KCwwksIbjua2LZCqhV1LNRDns=",
        "owner": "NixOS",
        "repo": "flake-compat",
        "rev": "5edf11c44bc78a0d334f6334cdaf7d60d732daab",
        "type": "github"
      },
      "original": {
        "owner": "NixOS",
        "repo": "flake-compat",
        "type": "github"
      }
    },
    "flake-compat_5": {
      "locked": {
        "lastModified": 1733328505,
        "narHash": "sha256-NeCCThCEP3eCl2l/+27kNNK7QrwZB1IJCrXfrbv5oqU=",
        "rev": "ff81ac966bb2cae68946d5ed5fc4994f96d0ffec",
        "revCount": 69,
        "type": "tarball",
        "url": "https://api.flakehub.com/f/pinned/edolstra/flake-compat/1.1.0/01948eb7-9cba-704f-bbf3-3fa956735b52/source.tar.gz"
      },
      "original": {
        "type": "tarball",
        "url": "https://flakehub.com/f/edolstra/flake-compat/1.tar.gz"
      }
    },
    "flake-parts": {
      "inputs": {
        "nixpkgs-lib": [
          "determinate",
          "nix",
          "nixpkgs"
        ]
      },
      "locked": {
        "lastModified": 1748821116,
        "narHash": "sha256-F82+gS044J1APL0n4hH50GYdPRv/5JWm34oCJYmVKdE=",
        "rev": "49f0870db23e8c1ca0b5259734a02cd9e1e371a1",
        "revCount": 377,
        "type": "tarball",
        "url": "https://api.flakehub.com/f/pinned/hercules-ci/flake-parts/0.1.377%2Brev-49f0870db23e8c1ca0b5259734a02cd9e1e371a1/01972f28-554a-73f8-91f4-d488cc502f08/source.tar.gz"
      },
      "original": {
        "type": "tarball",
        "url": "https://flakehub.com/f/hercules-ci/flake-parts/0.1"
      }
    },
    "flake-parts_2": {
      "inputs": {
        "nixpkgs-lib": "nixpkgs-lib_2"
      },
      "locked": {
        "lastModified": 1751413152,
        "narHash": "sha256-Tyw1RjYEsp5scoigs1384gIg6e0GoBVjms4aXFfRssQ=",
        "owner": "hercules-ci",
        "repo": "flake-parts",
        "rev": "77826244401ea9de6e3bac47c2db46005e1f30b5",
        "type": "github"
      },
      "original": {
        "owner": "hercules-ci",
        "repo": "flake-parts",
        "type": "github"
      }
    },
    "flake-parts_3": {
      "inputs": {
        "nixpkgs-lib": "nixpkgs-lib_3"
      },
      "locked": {
        "lastModified": 1778716662,
        "narHash": "sha256-m1Yf0wZ8j1OHjTc2UwHwyQRSnNeSgLJOd7q5Y45hzi4=",
        "owner": "hercules-ci",
        "repo": "flake-parts",
        "rev": "f7c1a2d347e4c52d5fb8d10cb4d94b5884e546fb",
        "type": "github"
      },
      "original": {
        "owner": "hercules-ci",
        "repo": "flake-parts",
        "type": "github"
      }
    },
    "flake-parts_4": {
      "inputs": {
        "nixpkgs-lib": [
          "nixvim",
          "nixpkgs"
        ]
      },
      "locked": {
        "lastModified": 1778716662,
        "narHash": "sha256-m1Yf0wZ8j1OHjTc2UwHwyQRSnNeSgLJOd7q5Y45hzi4=",
        "owner": "hercules-ci",
        "repo": "flake-parts",
        "rev": "f7c1a2d347e4c52d5fb8d10cb4d94b5884e546fb",
        "type": "github"
      },
      "original": {
        "owner": "hercules-ci",
        "repo": "flake-parts",
        "type": "github"
      }
    },
    "flake-parts_5": {
      "inputs": {
        "nixpkgs-lib": [
          "nur",
          "nixpkgs"
        ]
      },
      "locked": {
        "lastModified": 1733312601,
        "narHash": "sha256-4pDvzqnegAfRkPwO3wmwBhVi/Sye1mzps0zHWYnP88c=",
        "owner": "hercules-ci",
        "repo": "flake-parts",
        "rev": "205b12d8b7cd4802fbcb8e8ef6a0f1408781a4f9",
        "type": "github"
      },
      "original": {
        "owner": "hercules-ci",
        "repo": "flake-parts",
        "type": "github"
      }
    },
    "flake-utils": {
      "inputs": {
        "systems": "systems"
      },
      "locked": {
        "lastModified": 1731533236,
        "narHash": "sha256-l0KFg5HjrsfsO/JpG+r7fRrqm12kzFHyUHqHCVpMMbI=",
        "owner": "numtide",
        "repo": "flake-utils",
        "rev": "11707dc2f618dd54ca8739b309ec4fc024de578b",
        "type": "github"
      },
      "original": {
        "owner": "numtide",
        "repo": "flake-utils",
        "type": "github"
      }
    },
    "flake-utils_2": {
      "locked": {
        "lastModified": 1637014545,
        "narHash": "sha256-26IZAc5yzlD9FlDT54io1oqG/bBoyka+FJk5guaX4x4=",
        "owner": "numtide",
        "repo": "flake-utils",
        "rev": "bba5dcc8e0b20ab664967ad83d24d64cb64ec4f4",
        "type": "github"
      },
      "original": {
        "owner": "numtide",
        "repo": "flake-utils",
        "type": "github"
      }
    },
    "flake-utils_3": {
      "inputs": {
        "systems": [
          "nixpkgs-xr",
          "systems"
        ]
      },
      "locked": {
        "lastModified": 1731533236,
        "narHash": "sha256-l0KFg5HjrsfsO/JpG+r7fRrqm12kzFHyUHqHCVpMMbI=",
        "owner": "numtide",
        "repo": "flake-utils",
        "rev": "11707dc2f618dd54ca8739b309ec4fc024de578b",
        "type": "github"
      },
      "original": {
        "owner": "numtide",
        "repo": "flake-utils",
        "type": "github"
      }
    },
    "flatpaks": {
      "locked": {
        "lastModified": 1769601081,
        "narHash": "sha256-J0n+J/qfU3xTf5iaMcQrEK4dA5GSYQcw8XJuhZsM1Pc=",
        "owner": "in-a-dil-emma",
        "repo": "declarative-flatpak",
        "rev": "aba8c5ca67444cf4bcd0b02df284de1c93533a19",
        "type": "github"
      },
      "original": {
        "owner": "in-a-dil-emma",
        "ref": "latest",
        "repo": "declarative-flatpak",
        "type": "github"
      }
    },
    "gauntlet": {
      "inputs": {
        "crane": "crane",
        "flake-compat": "flake-compat_3",
        "flake-parts": "flake-parts_2",
        "nixpkgs": [
          "unstable"
        ],
        "systems": "systems_2"
      },
      "locked": {
        "lastModified": 1759424118,
        "narHash": "sha256-N4dDDw5yOP4frbo7HalAkNHerSL5OJ3uuadtYvpnNr4=",
        "owner": "project-gauntlet",
        "repo": "gauntlet",
        "rev": "ca066da5c9d56bd53a739c0dda1572fccc5019a8",
        "type": "github"
      },
      "original": {
        "owner": "project-gauntlet",
        "repo": "gauntlet",
        "type": "github"
      }
    },
    "git-hooks-nix": {
      "inputs": {
        "flake-compat": "flake-compat_2",
        "gitignore": [
          "determinate",
          "nix"
        ],
        "nixpkgs": [
          "determinate",
          "nix",
          "nixpkgs"
        ]
      },
      "locked": {
        "lastModified": 1747372754,
        "narHash": "sha256-2Y53NGIX2vxfie1rOW0Qb86vjRZ7ngizoo+bnXU9D9k=",
        "rev": "80479b6ec16fefd9c1db3ea13aeb038c60530f46",
        "revCount": 1026,
        "type": "tarball",
        "url": "https://api.flakehub.com/f/pinned/cachix/git-hooks.nix/0.1.1026%2Brev-80479b6ec16fefd9c1db3ea13aeb038c60530f46/0196d79a-1b35-7b8e-a021-c894fb62163d/source.tar.gz"
      },
      "original": {
        "type": "tarball",
        "url": "https://flakehub.com/f/cachix/git-hooks.nix/0.1.941"
      }
    },
    "home": {
      "inputs": {
        "nixpkgs": [
          "unstable"
        ]
      },
      "locked": {
        "lastModified": 1780679734,
        "narHash": "sha256-KmRNvpNOb7QEORa06bVgjW9kITcx0VhsI7w0vhmZyD8=",
        "owner": "nix-community",
        "repo": "home-manager",
        "rev": "b2b7db486e06e098711dc291bb25db82850e1d16",
        "type": "github"
      },
      "original": {
        "owner": "nix-community",
        "repo": "home-manager",
        "type": "github"
      }
    },
    "home-manager": {
      "inputs": {
        "nixpkgs": [
          "zen-browser",
          "nixpkgs"
        ]
      },
      "locked": {
        "lastModified": 1780515920,
        "narHash": "sha256-8KX2hEeOX6KP3hBBJJI8dGWVrzbOOf1rBPmg/GUG24U=",
        "owner": "nix-community",
        "repo": "home-manager",
        "rev": "4c5c1e8ba14f1c7475fa31ff11bc1c19cd220974",
        "type": "github"
      },
      "original": {
        "owner": "nix-community",
        "repo": "home-manager",
        "type": "github"
      }
    },
    "infuse": {
      "flake": false,
      "locked": {
        "lastModified": 1778715449,
        "narHash": "sha256-TfOyYuhBryGE/ugFWiKbp5klQ80G8dvuZvh6iCGAv/g=",
        "ref": "refs/heads/trunk",
        "rev": "d5453c8f2db4fd19d6eaf438a7dc3b90e33933d1",
        "revCount": 51,
        "type": "git",
        "url": "https://codeberg.org/amjoseph/infuse.nix.git"
      },
      "original": {
        "type": "git",
        "url": "https://codeberg.org/amjoseph/infuse.nix.git"
      }
    },
    "kwin-effects-forceblur": {
      "inputs": {
        "nixpkgs": [
          "unstable"
        ],
        "utils": "utils"
      },
      "locked": {
        "lastModified": 1755098995,
        "narHash": "sha256-6FN7XEf27DenQHDIKjrjOW3tGIaJlyqRlXarmt1v+M0=",
        "owner": "taj-ny",
        "repo": "kwin-effects-forceblur",
        "rev": "51a1d49d7fd7df3ce40ccf6ba4c4410cf6f510e1",
        "type": "github"
      },
      "original": {
        "owner": "taj-ny",
        "repo": "kwin-effects-forceblur",
        "type": "github"
      }
    },
    "lsfg-vk-flake": {
      "inputs": {
        "nixpkgs": [
          "unstable"
        ]
      },
      "locked": {
        "lastModified": 1756367273,
        "narHash": "sha256-u7/qG5xQxW+o51R2lBPj0NxU3oFrUwj78UlCKKNHGAc=",
        "owner": "pabloaul",
        "repo": "lsfg-vk-flake",
        "rev": "62aadfc844b2002abe47cbbc9dfd028033376248",
        "type": "github"
      },
      "original": {
        "owner": "pabloaul",
        "repo": "lsfg-vk-flake",
        "type": "github"
      }
    },
    "mprisqueeze": {
      "inputs": {
        "naersk": "naersk",
        "nixpkgs": [
          "stable"
        ]
      },
      "locked": {
        "lastModified": 1780585757,
        "narHash": "sha256-HnhY7U8Tjqcf4jiaokQ+mUf2DYwNJChdpnYMZofKR1o=",
        "owner": "jecaro",
        "repo": "mprisqueeze",
        "rev": "10b548aa67d9cb9c3ed7ed23cb5d18fdde9fb7d7",
        "type": "github"
      },
      "original": {
        "owner": "jecaro",
        "repo": "mprisqueeze",
        "type": "github"
      }
    },
    "naersk": {
      "inputs": {
        "fenix": "fenix_2",
        "nixpkgs": "nixpkgs_4"
      },
      "locked": {
        "lastModified": 1778151388,
        "narHash": "sha256-lldMJPUeouEjO8/7aLuwhcsIw29vVihm2ZALzjiqfec=",
        "owner": "nix-community",
        "repo": "naersk",
        "rev": "efdddff9ff4d8e7d0056d57ec67dac50f75ab8f6",
        "type": "github"
      },
      "original": {
        "owner": "nix-community",
        "repo": "naersk",
        "type": "github"
      }
    },
    "niri": {
      "inputs": {
        "niri-stable": "niri-stable",
        "niri-unstable": "niri-unstable",
        "nixpkgs": [
          "unstable"
        ],
        "nixpkgs-stable": [
          "stable"
        ],
        "xwayland-satellite-stable": "xwayland-satellite-stable",
        "xwayland-satellite-unstable": "xwayland-satellite-unstable"
      },
      "locked": {
        "lastModified": 1780694373,
        "narHash": "sha256-wuj6QmOlLsGjBOut+Ki/hiOT/H5ONzBePqOkOolsNfo=",
        "owner": "sodiboo",
        "repo": "niri-flake",
        "rev": "8f7043c852210cd0875a1bbe9ca872c90ab5ac74",
        "type": "github"
      },
      "original": {
        "owner": "sodiboo",
        "repo": "niri-flake",
        "type": "github"
      }
    },
    "niri-stable": {
      "flake": false,
      "locked": {
        "lastModified": 1756556321,
        "narHash": "sha256-RLD89dfjN0RVO86C/Mot0T7aduCygPGaYbog566F0Qo=",
        "owner": "YaLTeR",
        "repo": "niri",
        "rev": "01be0e65f4eb91a9cd624ac0b76aaeab765c7294",
        "type": "github"
      },
      "original": {
        "owner": "YaLTeR",
        "ref": "v25.08",
        "repo": "niri",
        "type": "github"
      }
    },
    "niri-unstable": {
      "flake": false,
      "locked": {
        "lastModified": 1780637332,
        "narHash": "sha256-FeKyLRxLZu2EUnhifijZPDZRl0sVnPVHMtizAINNiN4=",
        "owner": "YaLTeR",
        "repo": "niri",
        "rev": "f717ae030fe56fc52522ebef69f17f3f09064ac4",
        "type": "github"
      },
      "original": {
        "owner": "YaLTeR",
        "repo": "niri",
        "type": "github"
      }
    },
    "nix": {
      "inputs": {
        "flake-parts": "flake-parts",
        "git-hooks-nix": "git-hooks-nix",
        "nixpkgs": "nixpkgs",
        "nixpkgs-23-11": "nixpkgs-23-11",
        "nixpkgs-regression": "nixpkgs-regression"
      },
      "locked": {
        "lastModified": 1779472733,
        "narHash": "sha256-nV5OHwivEf392cB5MDwoVdDHSvy6Q+rRYZBHd9sePj4=",
        "rev": "11f3aff904f84ae612e36e8bc578ac421fca74fa",
        "revCount": 25967,
        "type": "tarball",
        "url": "https://api.flakehub.com/f/pinned/DeterminateSystems/nix-src/3.21.0/019e50fb-8633-73d0-b673-b2e265950490/source.tar.gz"
      },
      "original": {
        "type": "tarball",
        "url": "https://flakehub.com/f/DeterminateSystems/nix-src/%2A"
      }
    },
    "nix-cachyos-kernel": {
      "inputs": {
        "cachyos-kernel": "cachyos-kernel",
        "cachyos-kernel-patches": "cachyos-kernel-patches",
        "flake-compat": "flake-compat_4",
        "flake-parts": "flake-parts_3",
        "nixpkgs": "nixpkgs_5"
      },
      "locked": {
        "lastModified": 1780253365,
        "narHash": "sha256-wcJ+6+Z+mfzBjClI0XsjOoGSW6o1RldVj6UETLzK+GQ=",
        "owner": "xddxdd",
        "repo": "nix-cachyos-kernel",
        "rev": "236462fb93cb56e26e6a6801ba5edb6dad66be0d",
        "type": "github"
      },
      "original": {
        "owner": "xddxdd",
        "ref": "release",
        "repo": "nix-cachyos-kernel",
        "type": "github"
      }
    },
    "nixHW": {
      "inputs": {
        "nixpkgs": "nixpkgs_6"
      },
      "locked": {
        "lastModified": 1780310866,
        "narHash": "sha256-fPBRVf6A5xlACYcOI59shGrjURuvwu0lRsDoSCEXt/I=",
        "owner": "nixos",
        "repo": "nixos-hardware",
        "rev": "4ed851c979641e28597a05086332d75cdc9e395f",
        "type": "github"
      },
      "original": {
        "owner": "nixos",
        "ref": "master",
        "repo": "nixos-hardware",
        "type": "github"
      }
    },
    "nixpkgs": {
      "locked": {
        "lastModified": 1773222311,
        "narHash": "sha256-BHoB/XpbqoZkVYZCfXJXfkR+GXFqwb/4zbWnOr2cRcU=",
        "rev": "0590cd39f728e129122770c029970378a79d076a",
        "revCount": 909248,
        "type": "tarball",
        "url": "https://api.flakehub.com/f/pinned/NixOS/nixpkgs/0.2511.909248%2Brev-0590cd39f728e129122770c029970378a79d076a/019ce32b-8ace-7339-b129-cceaa8dd10c6/source.tar.gz"
      },
      "original": {
        "type": "tarball",
        "url": "https://flakehub.com/f/NixOS/nixpkgs/0.2511"
      }
    },
    "nixpkgs-23-11": {
      "locked": {
        "lastModified": 1717159533,
        "narHash": "sha256-oamiKNfr2MS6yH64rUn99mIZjc45nGJlj9eGth/3Xuw=",
        "owner": "NixOS",
        "repo": "nixpkgs",
        "rev": "a62e6edd6d5e1fa0329b8653c801147986f8d446",
        "type": "github"
      },
      "original": {
        "owner": "NixOS",
        "repo": "nixpkgs",
        "rev": "a62e6edd6d5e1fa0329b8653c801147986f8d446",
        "type": "github"
      }
    },
    "nixpkgs-fmt": {
      "inputs": {
        "fenix": "fenix",
        "flake-utils": "flake-utils_2",
        "nixpkgs": [
          "f2k",
          "nixpkgs"
        ]
      },
      "locked": {
        "lastModified": 1721822211,
        "narHash": "sha256-zacOgNv3qM3AbSG3p5PT/Bfc4c7NoIqoLII8/jIUsOQ=",
        "owner": "nix-community",
        "repo": "nixpkgs-fmt",
        "rev": "bdb15b4c7e0cb49ae091dd43113d0a938afae02c",
        "type": "github"
      },
      "original": {
        "owner": "nix-community",
        "repo": "nixpkgs-fmt",
        "type": "github"
      }
    },
    "nixpkgs-lib": {
      "locked": {
        "lastModified": 1777168982,
        "narHash": "sha256-GOkGPcboWE9BmGCRMLX3worL4EMnsnG8MyKmXNeYuhQ=",
        "owner": "nix-community",
        "repo": "nixpkgs.lib",
        "rev": "f5901329dade4a6ea039af1433fb087bd9c1fe14",
        "type": "github"
      },
      "original": {
        "owner": "nix-community",
        "repo": "nixpkgs.lib",
        "type": "github"
      }
    },
    "nixpkgs-lib_2": {
      "locked": {
        "lastModified": 1751159883,
        "narHash": "sha256-urW/Ylk9FIfvXfliA1ywh75yszAbiTEVgpPeinFyVZo=",
        "owner": "nix-community",
        "repo": "nixpkgs.lib",
        "rev": "14a40a1d7fb9afa4739275ac642ed7301a9ba1ab",
        "type": "github"
      },
      "original": {
        "owner": "nix-community",
        "repo": "nixpkgs.lib",
        "type": "github"
      }
    },
    "nixpkgs-lib_3": {
      "locked": {
        "lastModified": 1777168982,
        "narHash": "sha256-GOkGPcboWE9BmGCRMLX3worL4EMnsnG8MyKmXNeYuhQ=",
        "owner": "nix-community",
        "repo": "nixpkgs.lib",
        "rev": "f5901329dade4a6ea039af1433fb087bd9c1fe14",
        "type": "github"
      },
      "original": {
        "owner": "nix-community",
        "repo": "nixpkgs.lib",
        "type": "github"
      }
    },
    "nixpkgs-regression": {
      "locked": {
        "lastModified": 1643052045,
        "narHash": "sha256-uGJ0VXIhWKGXxkeNnq4TvV3CIOkUJ3PAoLZ3HMzNVMw=",
        "owner": "NixOS",
        "repo": "nixpkgs",
        "rev": "215d4d0fd80ca5163643b03a33fde804a29cc1e2",
        "type": "github"
      },
      "original": {
        "owner": "NixOS",
        "repo": "nixpkgs",
        "rev": "215d4d0fd80ca5163643b03a33fde804a29cc1e2",
        "type": "github"
      }
    },
    "nixpkgs-stable": {
      "locked": {
        "lastModified": 1780453794,
        "narHash": "sha256-bXMRa9VTsHSPXL4Cw8R6JJLQeY3Y/IP4+YJCYVmQ7FY=",
        "owner": "NixOS",
        "repo": "nixpkgs",
        "rev": "6b316287bae2ee04c9b93c8c858d930fd07d7338",
        "type": "github"
      },
      "original": {
        "owner": "NixOS",
        "ref": "nixos-26.05",
        "repo": "nixpkgs",
        "type": "github"
      }
    },
    "nixpkgs-xr": {
      "inputs": {
        "flake-compat": "flake-compat_5",
        "flake-utils": "flake-utils_3",
        "nixpkgs": [
          "unstable"
        ],
        "nvfetcher": "nvfetcher",
        "systems": "systems_4",
        "treefmt-nix": "treefmt-nix"
      },
      "locked": {
        "lastModified": 1780716409,
        "narHash": "sha256-+pA5Miy3Hb72pSTOnQdt31lcCNM2paTO7oR967ugPYA=",
        "owner": "nix-community",
        "repo": "nixpkgs-xr",
        "rev": "1ecf2d20a9ab1b02fdbe53c10546fb460ba80a87",
        "type": "github"
      },
      "original": {
        "owner": "nix-community",
        "repo": "nixpkgs-xr",
        "type": "github"
      }
    },
    "nixpkgs_2": {
      "locked": {
        "lastModified": 1778869304,
        "narHash": "sha256-30sZNZoA1cqF5JNO9fVX+wgiQYjB7HJqqJ4ztCDeBZE=",
        "rev": "d233902339c02a9c334e7e593de68855ad26c4cb",
        "revCount": 998534,
        "type": "tarball",
        "url": "https://api.flakehub.com/f/pinned/DeterminateSystems/nixpkgs-weekly/0.1.998534%2Brev-d233902339c02a9c334e7e593de68855ad26c4cb/019e3efc-e09a-7ff1-b05f-0c8f85ba7441/source.tar.gz"
      },
      "original": {
        "type": "tarball",
        "url": "https://flakehub.com/f/DeterminateSystems/nixpkgs-weekly/0.1"
      }
    },
    "nixpkgs_3": {
      "locked": {
        "lastModified": 1780243769,
        "narHash": "sha256-x5UQuRsH3MqI0U9afaXSNqzTPSeZlRLvFAav2Ux1pNw=",
        "owner": "NixOS",
        "repo": "nixpkgs",
        "rev": "331800de5053fcebacf6813adb5db9c9dca22a0c",
        "type": "github"
      },
      "original": {
        "owner": "NixOS",
        "ref": "nixos-unstable",
        "repo": "nixpkgs",
        "type": "github"
      }
    },
    "nixpkgs_4": {
      "locked": {
        "lastModified": 1752077645,
        "narHash": "sha256-HM791ZQtXV93xtCY+ZxG1REzhQenSQO020cu6rHtAPk=",
        "owner": "NixOS",
        "repo": "nixpkgs",
        "rev": "be9e214982e20b8310878ac2baa063a961c1bdf6",
        "type": "github"
      },
      "original": {
        "owner": "NixOS",
        "ref": "nixpkgs-unstable",
        "repo": "nixpkgs",
        "type": "github"
      }
    },
    "nixpkgs_5": {
      "locked": {
        "lastModified": 1780206209,
        "narHash": "sha256-33WNQ5sssy+8+xhUz953aEnjR1Oh828j0DgLU1TfMqE=",
        "owner": "NixOS",
        "repo": "nixpkgs",
        "rev": "45cf63e030188dd38532669b2450182bfc2d4653",
        "type": "github"
      },
      "original": {
        "owner": "NixOS",
        "ref": "nixos-unstable-small",
        "repo": "nixpkgs",
        "type": "github"
      }
    },
    "nixpkgs_6": {
      "locked": {
        "lastModified": 1767892417,
        "narHash": "sha256-8bW3q88CEg2u4hSP66Vf4lpbLonHz7hqDNBMcCY7E9U=",
        "rev": "3497aa5c9457a9d88d71fa93a4a8368816fbeeba",
        "type": "tarball",
        "url": "https://releases.nixos.org/nixos/unstable/nixos-26.05pre924538.3497aa5c9457/nixexprs.tar.xz"
      },
      "original": {
        "type": "tarball",
        "url": "https://channels.nixos.org/nixos-unstable/nixexprs.tar.xz"
      }
    },
    "nixpkgs_7": {
      "locked": {
        "lastModified": 1777207419,
        "narHash": "sha256-V3bmPWAajDiC+1ClDOp55gianW2EyRJSJOyu1RUQibc=",
        "owner": "nixos",
        "repo": "nixpkgs",
        "rev": "a7ecea3deccfbdbf22945a89984fcc5a169da8aa",
        "type": "github"
      },
      "original": {
        "owner": "nixos",
        "repo": "nixpkgs",
        "rev": "a7ecea3deccfbdbf22945a89984fcc5a169da8aa",
        "type": "github"
      }
    },
    "nixvim": {
      "inputs": {
        "flake-parts": "flake-parts_4",
        "nixpkgs": [
          "unstable"
        ],
        "systems": "systems_5"
      },
      "locked": {
        "lastModified": 1780646548,
        "narHash": "sha256-Ckyl/l1XBmEwnaHcHD8PvBZk1uph0NqwbJ//CAvB7iE=",
        "owner": "nix-community",
        "repo": "nixvim",
        "rev": "816a15282e58678dde831477964987d0262d4293",
        "type": "github"
      },
      "original": {
        "owner": "nix-community",
        "repo": "nixvim",
        "type": "github"
      }
    },
    "nur": {
      "inputs": {
        "flake-parts": "flake-parts_5",
        "nixpkgs": [
          "unstable"
        ]
      },
      "locked": {
        "lastModified": 1780734074,
        "narHash": "sha256-spvK3Cy+96ORm8jAm4G1S7UH30oud+Q/nrosZjrLsTY=",
        "owner": "nix-community",
        "repo": "NUR",
        "rev": "119292ffbe9a936788ff114e4c71f7eb744563fe",
        "type": "github"
      },
      "original": {
        "owner": "nix-community",
        "repo": "NUR",
        "type": "github"
      }
    },
    "nvfetcher": {
      "inputs": {
        "flake-compat": [
          "nixpkgs-xr",
          "flake-compat"
        ],
        "flake-utils": [
          "nixpkgs-xr",
          "flake-utils"
        ],
        "nixpkgs": [
          "nixpkgs-xr",
          "nixpkgs"
        ]
      },
      "locked": {
        "lastModified": 1766178214,
        "narHash": "sha256-tKDXreDwrRkdjvfot5fr1++ed6oOq3+/hW/Dj8WfTgs=",
        "owner": "Red-M",
        "repo": "nvfetcher",
        "rev": "a84b3ce67f1d7acd85b3aa2b9967ab91ed6e7a71",
        "type": "github"
      },
      "original": {
        "owner": "Red-M",
        "repo": "nvfetcher",
        "rev": "a84b3ce67f1d7acd85b3aa2b9967ab91ed6e7a71",
        "type": "github"
      }
    },
    "parts": {
      "inputs": {
        "nixpkgs-lib": "nixpkgs-lib"
      },
      "locked": {
        "lastModified": 1778716662,
        "narHash": "sha256-m1Yf0wZ8j1OHjTc2UwHwyQRSnNeSgLJOd7q5Y45hzi4=",
        "owner": "hercules-ci",
        "repo": "flake-parts",
        "rev": "f7c1a2d347e4c52d5fb8d10cb4d94b5884e546fb",
        "type": "github"
      },
      "original": {
        "owner": "hercules-ci",
        "repo": "flake-parts",
        "type": "github"
      }
    },
    "plasma-manager": {
      "inputs": {
        "home-manager": [
          "home"
        ],
        "nixpkgs": [
          "unstable"
        ]
      },
      "locked": {
        "lastModified": 1775856943,
        "narHash": "sha256-b7Mp7P+q2Md5AGt4rjHfMcBykzMumFTen10ST++AuTU=",
        "owner": "pjones",
        "repo": "plasma-manager",
        "rev": "a524a6160e6df89f7673ba293cf7d78b559eb1a5",
        "type": "github"
      },
      "original": {
        "owner": "pjones",
        "repo": "plasma-manager",
        "type": "github"
      }
    },
    "root": {
      "inputs": {
        "aagl": "aagl",
        "breeze-icons-chameleon": "breeze-icons-chameleon",
        "darkly": "darkly",
        "determinate": "determinate",
        "eden-emu": "eden-emu",
        "emacs-overlay": "emacs-overlay",
        "f2k": "f2k",
        "flatpaks": "flatpaks",
        "gauntlet": "gauntlet",
        "home": "home",
        "kwin-effects-forceblur": "kwin-effects-forceblur",
        "lsfg-vk-flake": "lsfg-vk-flake",
        "mprisqueeze": "mprisqueeze",
        "niri": "niri",
        "nix-cachyos-kernel": "nix-cachyos-kernel",
        "nixHW": "nixHW",
        "nixpkgs": [
          "unstable"
        ],
        "nixpkgs-xr": "nixpkgs-xr",
        "nixvim": "nixvim",
        "nur": "nur",
        "plasma-manager": "plasma-manager",
        "stable": "stable",
        "unstable": "unstable",
        "unstable-small": "unstable-small",
        "vscode-ext": "vscode-ext",
        "zen-browser": "zen-browser"
      }
    },
    "rust-analyzer-src": {
      "flake": false,
      "locked": {
        "lastModified": 1637439871,
        "narHash": "sha256-2awQ/obzl7zqYgLwbQL0zT58gN8Xq7n+81GcMiS595I=",
        "owner": "rust-analyzer",
        "repo": "rust-analyzer",
        "rev": "4566414789310acb2617543f4b50beab4bb48e06",
        "type": "github"
      },
      "original": {
        "owner": "rust-analyzer",
        "ref": "nightly",
        "repo": "rust-analyzer",
        "type": "github"
      }
    },
    "rust-analyzer-src_2": {
      "flake": false,
      "locked": {
        "lastModified": 1752428706,
        "narHash": "sha256-EJcdxw3aXfP8Ex1Nm3s0awyH9egQvB2Gu+QEnJn2Sfg=",
        "owner": "rust-lang",
        "repo": "rust-analyzer",
        "rev": "591e3b7624be97e4443ea7b5542c191311aa141d",
        "type": "github"
      },
      "original": {
        "owner": "rust-lang",
        "ref": "nightly",
        "repo": "rust-analyzer",
        "type": "github"
      }
    },
    "rust-overlay": {
      "inputs": {
        "nixpkgs": [
          "aagl",
          "nixpkgs"
        ]
      },
      "locked": {
        "lastModified": 1780197589,
        "narHash": "sha256-FVCr2Ij/jKf59a4LW481eeOF6rJRreOBrVgW/aUBTrw=",
        "owner": "oxalica",
        "repo": "rust-overlay",
        "rev": "21632e942d89bf1cce4e5a63d7e58a215a0cbfcc",
        "type": "github"
      },
      "original": {
        "owner": "oxalica",
        "repo": "rust-overlay",
        "type": "github"
      }
    },
    "stable": {
      "locked": {
        "lastModified": 1767313136,
        "narHash": "sha256-16KkgfdYqjaeRGBaYsNrhPRRENs0qzkQVUooNHtoy2w=",
        "owner": "nixos",
        "repo": "nixpkgs",
        "rev": "ac62194c3917d5f474c1a844b6fd6da2db95077d",
        "type": "github"
      },
      "original": {
        "owner": "nixos",
        "ref": "nixos-25.05",
        "repo": "nixpkgs",
        "type": "github"
      }
    },
    "systems": {
      "locked": {
        "lastModified": 1681028828,
        "narHash": "sha256-Vy1rq5AaRuLzOxct8nz4T6wlgyUR7zLU309k9mBC768=",
        "owner": "nix-systems",
        "repo": "default",
        "rev": "da67096a3b9bf56a91d16901293e51ba5b49a27e",
        "type": "github"
      },
      "original": {
        "owner": "nix-systems",
        "repo": "default",
        "type": "github"
      }
    },
    "systems_2": {
      "locked": {
        "lastModified": 1681028828,
        "narHash": "sha256-Vy1rq5AaRuLzOxct8nz4T6wlgyUR7zLU309k9mBC768=",
        "owner": "nix-systems",
        "repo": "default",
        "rev": "da67096a3b9bf56a91d16901293e51ba5b49a27e",
        "type": "github"
      },
      "original": {
        "owner": "nix-systems",
        "repo": "default",
        "type": "github"
      }
    },
    "systems_3": {
      "locked": {
        "lastModified": 1681028828,
        "narHash": "sha256-Vy1rq5AaRuLzOxct8nz4T6wlgyUR7zLU309k9mBC768=",
        "owner": "nix-systems",
        "repo": "default",
        "rev": "da67096a3b9bf56a91d16901293e51ba5b49a27e",
        "type": "github"
      },
      "original": {
        "owner": "nix-systems",
        "repo": "default",
        "type": "github"
      }
    },
    "systems_4": {
      "locked": {
        "lastModified": 1689347949,
        "narHash": "sha256-12tWmuL2zgBgZkdoB6qXZsgJEH9LR3oUgpaQq2RbI80=",
        "owner": "nix-systems",
        "repo": "default-linux",
        "rev": "31732fcf5e8fea42e59c2488ad31a0e651500f68",
        "type": "github"
      },
      "original": {
        "owner": "nix-systems",
        "repo": "default-linux",
        "type": "github"
      }
    },
    "systems_5": {
      "locked": {
        "lastModified": 1774449309,
        "narHash": "sha256-brhZ8DmuGtzkCYHJg4HEd602amKm89Y9ytsFZ5uWD1w=",
        "owner": "nix-systems",
        "repo": "default",
        "rev": "c29398b59d2048c4ab79345812849c9bd15e9150",
        "type": "github"
      },
      "original": {
        "owner": "nix-systems",
        "ref": "future-26.11",
        "repo": "default",
        "type": "github"
      }
    },
    "treefmt-nix": {
      "inputs": {
        "nixpkgs": [
          "nixpkgs-xr",
          "nixpkgs"
        ]
      },
      "locked": {
        "lastModified": 1780220602,
        "narHash": "sha256-eynAfOmbmxJnkp7YewvCEbShNnnYJ9gLLqkzsYtBPeM=",
        "owner": "numtide",
        "repo": "treefmt-nix",
        "rev": "db947814a175b7ca6ded66e21383d938df01c227",
        "type": "github"
      },
      "original": {
        "owner": "numtide",
        "repo": "treefmt-nix",
        "type": "github"
      }
    },
    "unstable": {
      "locked": {
        "lastModified": 1780243769,
        "narHash": "sha256-x5UQuRsH3MqI0U9afaXSNqzTPSeZlRLvFAav2Ux1pNw=",
        "owner": "nixos",
        "repo": "nixpkgs",
        "rev": "331800de5053fcebacf6813adb5db9c9dca22a0c",
        "type": "github"
      },
      "original": {
        "owner": "nixos",
        "ref": "nixos-unstable",
        "repo": "nixpkgs",
        "type": "github"
      }
    },
    "unstable-small": {
      "locked": {
        "lastModified": 1780664956,
        "narHash": "sha256-ic8gONf/zUn5iMYGdIF96znQtFAFDy+yS7HWXcVnUtI=",
        "owner": "nixos",
        "repo": "nixpkgs",
        "rev": "ab5f04b8865f90ade7af23138f912658884d41ae",
        "type": "github"
      },
      "original": {
        "owner": "nixos",
        "ref": "nixos-unstable-small",
        "repo": "nixpkgs",
        "type": "github"
      }
    },
    "utils": {
      "inputs": {
        "systems": "systems_3"
      },
      "locked": {
        "lastModified": 1726560853,
        "narHash": "sha256-X6rJYSESBVr3hBoH0WbKE5KvhPU5bloyZ2L4K60/fPQ=",
        "owner": "numtide",
        "repo": "flake-utils",
        "rev": "c1dfcf08411b08f6b8615f7d8971a2bfa81d5e8a",
        "type": "github"
      },
      "original": {
        "owner": "numtide",
        "repo": "flake-utils",
        "type": "github"
      }
    },
    "vscode-ext": {
      "inputs": {
        "nixpkgs": "nixpkgs_7"
      },
      "locked": {
        "lastModified": 1780718391,
        "narHash": "sha256-hQOS9bTTzVXQNYaW4bi2EyXN8jqDe7ge07xPPbvUMuA=",
        "owner": "nix-community",
        "repo": "nix-vscode-extensions",
        "rev": "e2ccd7477aa7174e34bd32c135dc470a3f822a82",
        "type": "github"
      },
      "original": {
        "owner": "nix-community",
        "repo": "nix-vscode-extensions",
        "type": "github"
      }
    },
    "xwayland-satellite-stable": {
      "flake": false,
      "locked": {
        "lastModified": 1755491097,
        "narHash": "sha256-m+9tUfsmBeF2Gn4HWa6vSITZ4Gz1eA1F5Kh62B0N4oE=",
        "owner": "Supreeeme",
        "repo": "xwayland-satellite",
        "rev": "388d291e82ffbc73be18169d39470f340707edaa",
        "type": "github"
      },
      "original": {
        "owner": "Supreeeme",
        "ref": "v0.7",
        "repo": "xwayland-satellite",
        "type": "github"
      }
    },
    "xwayland-satellite-unstable": {
      "flake": false,
      "locked": {
        "lastModified": 1779745227,
        "narHash": "sha256-yqY7RtEJGJiENzR0GwL6q69tSAy6xAAmAcLuIhLjPf8=",
        "owner": "Supreeeme",
        "repo": "xwayland-satellite",
        "rev": "5d1efbc9dc3ab1c10160b656e0247f3325daf0f2",
        "type": "github"
      },
      "original": {
        "owner": "Supreeeme",
        "repo": "xwayland-satellite",
        "type": "github"
      }
    },
    "zen-browser": {
      "inputs": {
        "home-manager": "home-manager",
        "nixpkgs": [
          "unstable"
        ]
      },
      "locked": {
        "lastModified": 1780567926,
        "narHash": "sha256-LVaiAnBwgr2YotaIlrcwCgmbwHsE2ccegRztLjur/d4=",
        "owner": "0xc000022070",
        "repo": "zen-browser-flake",
        "rev": "eea9ae34eb9011aee9b8ce8ee2bc2dd111ee8285",
        "type": "github"
      },
      "original": {
        "owner": "0xc000022070",
        "repo": "zen-browser-flake",
        "type": "github"
      }
    }
  },
  "root": "root",
  "version": 7
}
